
Microsoft Visual Studio Solution File, Format Version 12.00
# Visual Studio Version 17
VisualStudioVersion = 17.7.34221.43
MinimumVisualStudioVersion = 10.0.40219.1
Project("{9A19103F-16F7-4668-BE54-9A1E7A4F7556}") = "Assignment3_Dahyun_Ko", "Assignment3_Dahyun_Ko\Assignment3_Dahyun_Ko.csproj", "{8EAE72C2-5A97-4048-BF84-C9560F05EA5E}"
EndProject
Project("{9A19103F-16F7-4668-BE54-9A1E7A4F7556}") = "Customers", "Customers\Customers.csproj", "{966C0CBA-4F23-478C-9469-6A7193F3A96A}"
EndProject
Project("{FAE04EC0-301F-11D3-BF4B-00C04F79EFBC}") = "CustomerTest", "CustomerTest\CustomerTest.csproj", "{A33067B6-91D1-48BE-8301-7052396C0725}"
EndProject
Global
	GlobalSection(SolutionConfigurationPlatforms) = preSolution
		Debug|Any CPU = Debug|Any CPU
		Release|Any CPU = Release|Any CPU
	EndGlobalSection
	GlobalSection(ProjectConfigurationPlatforms) = postSolution
		{8EAE72C2-5A97-4048-BF84-C9560F05EA5E}.Debug|Any CPU.ActiveCfg = Debug|Any CPU
		{8EAE72C2-5A97-4048-BF84-C9560F05EA5E}.Debug|Any CPU.Build.0 = Debug|Any CPU
		{8EAE72C2-5A97-4048-BF84-C9560F05EA5E}.Release|Any CPU.ActiveCfg = Release|Any CPU
		{8EAE72C2-5A97-4048-BF84-C9560F05EA5E}.Release|Any CPU.Build.0 = Release|Any CPU
		{966C0CBA-4F23-478C-9469-6A7193F3A96A}.Debug|Any CPU.ActiveCfg = Debug|Any CPU
		{966C0CBA-4F23-478C-9469-6A7193F3A96A}.Debug|Any CPU.Build.0 = Debug|Any CPU
		{966C0CBA-4F23-478C-9469-6A7193F3A96A}.Release|Any CPU.ActiveCfg = Release|Any CPU
		{966C0CBA-4F23-478C-9469-6A7193F3A96A}.Release|Any CPU.Build.0 = Release|Any CPU
		{A33067B6-91D1-48BE-8301-7052396C0725}.Debug|Any CPU.ActiveCfg = Debug|Any CPU
		{A33067B6-91D1-48BE-8301-7052396C0725}.Debug|Any CPU.Build.0 = Debug|Any CPU
		{A33067B6-91D1-48BE-8301-7052396C0725}.Release|Any CPU.ActiveCfg = Release|Any CPU
		{A33067B6-91D1-48BE-8301-7052396C0725}.Release|Any CPU.Build.0 = Release|Any CPU
	EndGlobalSection
	GlobalSection(SolutionProperties) = preSolution
		HideSolutionNode = FALSE
	EndGlobalSection
	GlobalSection(ExtensibilityGlobals) = postSolution
		SolutionGuid = {7E6E2267-34E4-488A-8131-5B051D2E1230}
	EndGlobalSection
EndGlobal
